<?xml version="1.0" encoding="utf-8"?>
<Project ToolsVersion="4.0" xmlns="http://schemas.microsoft.com/developer/msbuild/2003">
  <ItemGroup>
    <Filter Include="Исходные файлы">
      <UniqueIdentifier>{4FC737F1-C7A5-4376-A066-2A32D752A2FF}</UniqueIdentifier>
      <Extensions>cpp;c;cc;cxx;c++;cppm;ixx;def;odl;idl;hpj;bat;asm;asmx</Extensions>
    </Filter>
    <Filter Include="Файлы заголовков">
      <UniqueIdentifier>{93995380-89BD-4b04-88EB-625FBE52EBFB}</UniqueIdentifier>
      <Extensions>h;hh;hpp;hxx;h++;hm;inl;inc;ipp;xsd</Extensions>
    </Filter>
    <Filter Include="Файлы ресурсов">
      <UniqueIdentifier>{67DA6AB6-F800-4c08-8B7A-83BB121AAD01}</UniqueIdentifier>
      <Extensions>rc;ico;cur;bmp;dlg;rc2;rct;bin;rgs;gif;jpg;jpeg;jpe;resx;tiff;tif;png;wav;mfcribbon-ms</Extensions>
    </Filter>
  </ItemGroup>
  <ItemGroup>
    <ClCompile Include="source\main.cpp">
      <Filter>Исходные файлы</Filter>
    </ClCompile>
    <ClCompile Include="source\engine\begin\Application.cpp">
      <Filter>Исходные файлы</Filter>
    </ClCompile>
    <ClCompile Include="source\engine\input\InputHandler.cpp">
      <Filter>Исходные файлы</Filter>
    </ClCompile>
    <ClCompile Include="source\engine\interface\InterfaceEngine.cpp">
      <Filter>Исходные файлы</Filter>
    </ClCompile>
    <ClCompile Include="source\engine\begin\Viewport.cpp">
      <Filter>Исходные файлы</Filter>
    </ClCompile>
    <ClCompile Include="source\engine\object\Texture.cpp">
      <Filter>Исходные файлы</Filter>
    </ClCompile>
    <ClCompile Include="source\engine\object\Model.cpp">
      <Filter>Исходные файлы</Filter>
    </ClCompile>
    <ClCompile Include="source\engine\resource\ResourceManager.cpp">
      <Filter>Исходные файлы</Filter>
    </ClCompile>
    <ClCompile Include="source\engine\begin\Camera.cpp">
      <Filter>Исходные файлы</Filter>
    </ClCompile>
    <ClCompile Include="source\engine\begin\SceneManager.cpp">
      <Filter>Исходные файлы</Filter>
    </ClCompile>
    <ClCompile Include="source\engine\begin\SceneSerializer.cpp">
      <Filter>Исходные файлы</Filter>
    </ClCompile>
    <ClCompile Include="source\engine\shader\Shader.cpp">
      <Filter>Исходные файлы</Filter>
    </ClCompile>
    <ClCompile Include="source\engine\object\GameObject.cpp">
      <Filter>Исходные файлы</Filter>
    </ClCompile>
    <ClCompile Include="source\engine\object\ModelObject.cpp">
      <Filter>Исходные файлы</Filter>
    </ClCompile>
    <ClCompile Include="source\engine\object\SpriteObject.cpp">
      <Filter>Исходные файлы</Filter>
    </ClCompile>
    <ClCompile Include="source\engine\object\3Dobject\Cube.cpp">
      <Filter>Исходные файлы</Filter>
    </ClCompile>
    <ClCompile Include="source\engine\begin\Scene.cpp">
      <Filter>Исходные файлы</Filter>
    </ClCompile>
  </ItemGroup>
  <ItemGroup>
    <ClInclude Include="source\engine\begin\Application.h">
      <Filter>Файлы заголовков</Filter>
    </ClInclude>
    <ClInclude Include="source\engine\engineErrors\EngineDebug.h">
      <Filter>Файлы заголовков</Filter>
    </ClInclude>
    <ClInclude Include="source\engine\input\InputHandler.h">
      <Filter>Файлы заголовков</Filter>
    </ClInclude>
    <ClInclude Include="source\engine\interface\InterfaceEngine.h">
      <Filter>Файлы заголовков</Filter>
    </ClInclude>
    <ClInclude Include="source\engine\begin\Viewport.h">
      <Filter>Файлы заголовков</Filter>
    </ClInclude>
    <ClInclude Include="source\engine\object\GameObject.h">
      <Filter>Файлы заголовков</Filter>
    </ClInclude>
    <ClInclude Include="source\engine\object\SpriteObject.h">
      <Filter>Файлы заголовков</Filter>
    </ClInclude>
    <ClInclude Include="source\engine\resource\ResourceManager.h">
      <Filter>Файлы заголовков</Filter>
    </ClInclude>
    <ClInclude Include="source\engine\begin\Scene.h">
      <Filter>Файлы заголовков</Filter>
    </ClInclude>
    <ClInclude Include="source\engine\object\Texture.h">
      <Filter>Файлы заголовков</Filter>
    </ClInclude>
    <ClInclude Include="source\engine\object\Model.h">
      <Filter>Файлы заголовков</Filter>
    </ClInclude>
    <ClInclude Include="source\engine\object\ModelObject.h">
      <Filter>Файлы заголовков</Filter>
    </ClInclude>
    <ClInclude Include="source\engine\begin\Camera.h">
      <Filter>Файлы заголовков</Filter>
    </ClInclude>
    <ClInclude Include="source\engine\begin\SceneManager.h">
      <Filter>Файлы заголовков</Filter>
    </ClInclude>
    <ClInclude Include="source\engine\begin\SceneSerializer.h">
      <Filter>Файлы заголовков</Filter>
    </ClInclude>
    <ClInclude Include="source\engine\shader\Shader.h">
      <Filter>Файлы заголовков</Filter>
    </ClInclude>
    <ClInclude Include="source\engine\object\Material.h">
      <Filter>Файлы заголовков</Filter>
    </ClInclude>
    <ClInclude Include="source\engine\light\Light.h">
      <Filter>Файлы заголовков</Filter>
    </ClInclude>
    <ClInclude Include="source\engine\object\3Dobject\Cube.h">
      <Filter>Файлы заголовков</Filter>
    </ClInclude>
  </ItemGroup>
  <ItemGroup>
    <None Include="source\engine\shader\shader.vert" />
    <None Include="source\engine\shader\shader.frag" />
    <None Include="source\engine\shader\sprite.vert" />
    <None Include="source\engine\shader\sprite.frag" />
  </ItemGroup>
</Project>